
Microsoft Visual Studio Solution File, Format Version 12.00
# Visual Studio Version 17
VisualStudioVersion = 17.8.34330.188
MinimumVisualStudioVersion = 10.0.40219.1
Project("{9A19103F-16F7-4668-BE54-9A1E7A4F7556}") = "PracticeExample", "PracticeExample.csproj", "{27F0D99F-3DCA-42A3-8F10-D5D3CE204E84}"
EndProject
Project("{FAE04EC0-301F-11D3-BF4B-00C04F79EFBC}") = "FactoryDesignPattern", "FactoryDesignPattern\FactoryDesignPattern.csproj", "{52FF7597-95D5-403B-866C-861F3F3D6BC3}"
EndProject
Global
	GlobalSection(SolutionConfigurationPlatforms) = preSolution
		Debug|Any CPU = Debug|Any CPU
		Release|Any CPU = Release|Any CPU
	EndGlobalSection
	GlobalSection(ProjectConfigurationPlatforms) = postSolution
		{27F0D99F-3DCA-42A3-8F10-D5D3CE204E84}.Debug|Any CPU.ActiveCfg = Debug|Any CPU
		{27F0D99F-3DCA-42A3-8F10-D5D3CE204E84}.Debug|Any CPU.Build.0 = Debug|Any CPU
		{27F0D99F-3DCA-42A3-8F10-D5D3CE204E84}.Release|Any CPU.ActiveCfg = Release|Any CPU
		{27F0D99F-3DCA-42A3-8F10-D5D3CE204E84}.Release|Any CPU.Build.0 = Release|Any CPU
		{52FF7597-95D5-403B-866C-861F3F3D6BC3}.Debug|Any CPU.ActiveCfg = Debug|Any CPU
		{52FF7597-95D5-403B-866C-861F3F3D6BC3}.Debug|Any CPU.Build.0 = Debug|Any CPU
		{52FF7597-95D5-403B-866C-861F3F3D6BC3}.Release|Any CPU.ActiveCfg = Release|Any CPU
		{52FF7597-95D5-403B-866C-861F3F3D6BC3}.Release|Any CPU.Build.0 = Release|Any CPU
	EndGlobalSection
	GlobalSection(SolutionProperties) = preSolution
		HideSolutionNode = FALSE
	EndGlobalSection
	GlobalSection(ExtensibilityGlobals) = postSolution
		SolutionGuid = {60E38E99-4872-4A9E-8FBE-55E3E926E860}
	EndGlobalSection
EndGlobal
